
Microsoft Visual Studio Solution File, Format Version 12.00
# Visual Studio 15
VisualStudioVersion = 15.0.27130.2024
MinimumVisualStudioVersion = 10.0.40219.1
Project("{2150E333-8FDC-42A3-9474-1A3956D46DE8}") = "01. Clients", "01. Clients", "{18D3C53F-C82C-46A2-A7A3-24263ADAB69D}"
EndProject
Project("{2150E333-8FDC-42A3-9474-1A3956D46DE8}") = "02. Api.Gateways", "02. Api.Gateways", "{CB99170F-5073-47B4-9BDC-2A762F09F2BA}"
EndProject
Project("{2150E333-8FDC-42A3-9474-1A3956D46DE8}") = "03. Services", "03. Services", "{844E9893-8F2F-4E20-B61B-CBCA8957750B}"
EndProject
Project("{2150E333-8FDC-42A3-9474-1A3956D46DE8}") = "01. Identity", "01. Identity", "{505F23AE-A3AD-4EA3-8284-61B804CE843E}"
EndProject
Project("{2150E333-8FDC-42A3-9474-1A3956D46DE8}") = "02. Catalog", "02. Catalog", "{A9361F99-D709-4491-89DC-1CCB19C4C16E}"
EndProject
Project("{2150E333-8FDC-42A3-9474-1A3956D46DE8}") = "03. Customer", "03. Customer", "{62A3BE90-D773-4432-A284-0602302AC4BC}"
EndProject
Project("{2150E333-8FDC-42A3-9474-1A3956D46DE8}") = "04. Order", "04. Order", "{B0278BF1-89B2-464E-A926-C52FE59A1D39}"
EndProject
Project("{9A19103F-16F7-4668-BE54-9A1E7A4F7556}") = "Catalog.Api", "src\Services\Catalog\Catalog.Api\Catalog.Api.csproj", "{3EF7093B-043B-45AE-930C-B4AC5AB90BD4}"
EndProject
Project("{2150E333-8FDC-42A3-9474-1A3956D46DE8}") = "01. API", "01. API", "{02F340EC-8799-4552-825E-C8448C54E5C0}"
EndProject
Project("{2150E333-8FDC-42A3-9474-1A3956D46DE8}") = "02. Services", "02. Services", "{D2BE8617-107D-4C5B-86B2-E060953637BC}"
EndProject
Project("{2150E333-8FDC-42A3-9474-1A3956D46DE8}") = "03. Persistence", "03. Persistence", "{86C6ECA3-3701-49AB-9272-A9739590D060}"
EndProject
Project("{2150E333-8FDC-42A3-9474-1A3956D46DE8}") = "04. Models", "04. Models", "{5A2E36DD-6A83-4C14-8E36-7728A733833D}"
EndProject
Project("{9A19103F-16F7-4668-BE54-9A1E7A4F7556}") = "CatalogDomain", "src\Services\Catalog\CatalogDomain\CatalogDomain.csproj", "{EABC2B6C-E1DA-4E8E-8A17-A5A6E135BFC9}"
EndProject
Project("{9A19103F-16F7-4668-BE54-9A1E7A4F7556}") = "Catalog.Persistence.Database", "src\Services\Catalog\Catalog.Persistence.Database\Catalog.Persistence.Database.csproj", "{34AD898B-C57F-4866-BA58-92EA2E190E4B}"
EndProject
Project("{FAE04EC0-301F-11D3-BF4B-00C04F79EFBC}") = "Catalog.Service.Queries", "src\Services\Catalog\Catalog.Service.Queries\Catalog.Service.Queries.csproj", "{022F39E1-46BF-4957-B6F8-FE84FDCB3F5D}"
EndProject
Project("{2150E333-8FDC-42A3-9474-1A3956D46DE8}") = "Common", "Common", "{6939FDAF-EC31-4BF8-AC12-7AD485EEF1B3}"
EndProject
Project("{FAE04EC0-301F-11D3-BF4B-00C04F79EFBC}") = "Service.Common.Collection", "src\Services\Common\Service.Common.Collection\Service.Common.Collection.csproj", "{2CDC3FA1-5B13-4F91-A7B1-D27A110AC854}"
EndProject
Project("{FAE04EC0-301F-11D3-BF4B-00C04F79EFBC}") = "Service.Common.Paging", "src\Services\Common\Service.Common.Paging\Service.Common.Paging.csproj", "{52ABF453-DB9B-423E-8E5A-9C51296D778D}"
EndProject
Project("{FAE04EC0-301F-11D3-BF4B-00C04F79EFBC}") = "Service.Common.Mapping", "src\Services\Common\Service.Common.Mapping\Service.Common.Mapping.csproj", "{94363D9C-087D-446C-AAB6-2A5646305DF1}"
EndProject
Project("{FAE04EC0-301F-11D3-BF4B-00C04F79EFBC}") = "Catalog.Service.EventHandlers", "src\Services\Catalog\Catalog.Service.EventHandlers\Catalog.Service.EventHandlers.csproj", "{51E663A4-2123-44A1-B27C-358D8BFB43C2}"
EndProject
Global
	GlobalSection(SolutionConfigurationPlatforms) = preSolution
		Debug|Any CPU = Debug|Any CPU
		Release|Any CPU = Release|Any CPU
	EndGlobalSection
	GlobalSection(ProjectConfigurationPlatforms) = postSolution
		{3EF7093B-043B-45AE-930C-B4AC5AB90BD4}.Debug|Any CPU.ActiveCfg = Debug|Any CPU
		{3EF7093B-043B-45AE-930C-B4AC5AB90BD4}.Debug|Any CPU.Build.0 = Debug|Any CPU
		{3EF7093B-043B-45AE-930C-B4AC5AB90BD4}.Release|Any CPU.ActiveCfg = Release|Any CPU
		{3EF7093B-043B-45AE-930C-B4AC5AB90BD4}.Release|Any CPU.Build.0 = Release|Any CPU
		{EABC2B6C-E1DA-4E8E-8A17-A5A6E135BFC9}.Debug|Any CPU.ActiveCfg = Debug|Any CPU
		{EABC2B6C-E1DA-4E8E-8A17-A5A6E135BFC9}.Debug|Any CPU.Build.0 = Debug|Any CPU
		{EABC2B6C-E1DA-4E8E-8A17-A5A6E135BFC9}.Release|Any CPU.ActiveCfg = Release|Any CPU
		{EABC2B6C-E1DA-4E8E-8A17-A5A6E135BFC9}.Release|Any CPU.Build.0 = Release|Any CPU
		{34AD898B-C57F-4866-BA58-92EA2E190E4B}.Debug|Any CPU.ActiveCfg = Debug|Any CPU
		{34AD898B-C57F-4866-BA58-92EA2E190E4B}.Debug|Any CPU.Build.0 = Debug|Any CPU
		{34AD898B-C57F-4866-BA58-92EA2E190E4B}.Release|Any CPU.ActiveCfg = Release|Any CPU
		{34AD898B-C57F-4866-BA58-92EA2E190E4B}.Release|Any CPU.Build.0 = Release|Any CPU
		{022F39E1-46BF-4957-B6F8-FE84FDCB3F5D}.Debug|Any CPU.ActiveCfg = Debug|Any CPU
		{022F39E1-46BF-4957-B6F8-FE84FDCB3F5D}.Debug|Any CPU.Build.0 = Debug|Any CPU
		{022F39E1-46BF-4957-B6F8-FE84FDCB3F5D}.Release|Any CPU.ActiveCfg = Release|Any CPU
		{022F39E1-46BF-4957-B6F8-FE84FDCB3F5D}.Release|Any CPU.Build.0 = Release|Any CPU
		{2CDC3FA1-5B13-4F91-A7B1-D27A110AC854}.Debug|Any CPU.ActiveCfg = Debug|Any CPU
		{2CDC3FA1-5B13-4F91-A7B1-D27A110AC854}.Debug|Any CPU.Build.0 = Debug|Any CPU
		{2CDC3FA1-5B13-4F91-A7B1-D27A110AC854}.Release|Any CPU.ActiveCfg = Release|Any CPU
		{2CDC3FA1-5B13-4F91-A7B1-D27A110AC854}.Release|Any CPU.Build.0 = Release|Any CPU
		{52ABF453-DB9B-423E-8E5A-9C51296D778D}.Debug|Any CPU.ActiveCfg = Debug|Any CPU
		{52ABF453-DB9B-423E-8E5A-9C51296D778D}.Debug|Any CPU.Build.0 = Debug|Any CPU
		{52ABF453-DB9B-423E-8E5A-9C51296D778D}.Release|Any CPU.ActiveCfg = Release|Any CPU
		{52ABF453-DB9B-423E-8E5A-9C51296D778D}.Release|Any CPU.Build.0 = Release|Any CPU
		{94363D9C-087D-446C-AAB6-2A5646305DF1}.Debug|Any CPU.ActiveCfg = Debug|Any CPU
		{94363D9C-087D-446C-AAB6-2A5646305DF1}.Debug|Any CPU.Build.0 = Debug|Any CPU
		{94363D9C-087D-446C-AAB6-2A5646305DF1}.Release|Any CPU.ActiveCfg = Release|Any CPU
		{94363D9C-087D-446C-AAB6-2A5646305DF1}.Release|Any CPU.Build.0 = Release|Any CPU
		{51E663A4-2123-44A1-B27C-358D8BFB43C2}.Debug|Any CPU.ActiveCfg = Debug|Any CPU
		{51E663A4-2123-44A1-B27C-358D8BFB43C2}.Debug|Any CPU.Build.0 = Debug|Any CPU
		{51E663A4-2123-44A1-B27C-358D8BFB43C2}.Release|Any CPU.ActiveCfg = Release|Any CPU
		{51E663A4-2123-44A1-B27C-358D8BFB43C2}.Release|Any CPU.Build.0 = Release|Any CPU
	EndGlobalSection
	GlobalSection(SolutionProperties) = preSolution
		HideSolutionNode = FALSE
	EndGlobalSection
	GlobalSection(NestedProjects) = preSolution
		{505F23AE-A3AD-4EA3-8284-61B804CE843E} = {844E9893-8F2F-4E20-B61B-CBCA8957750B}
		{A9361F99-D709-4491-89DC-1CCB19C4C16E} = {844E9893-8F2F-4E20-B61B-CBCA8957750B}
		{62A3BE90-D773-4432-A284-0602302AC4BC} = {844E9893-8F2F-4E20-B61B-CBCA8957750B}
		{B0278BF1-89B2-464E-A926-C52FE59A1D39} = {844E9893-8F2F-4E20-B61B-CBCA8957750B}
		{3EF7093B-043B-45AE-930C-B4AC5AB90BD4} = {02F340EC-8799-4552-825E-C8448C54E5C0}
		{02F340EC-8799-4552-825E-C8448C54E5C0} = {A9361F99-D709-4491-89DC-1CCB19C4C16E}
		{D2BE8617-107D-4C5B-86B2-E060953637BC} = {A9361F99-D709-4491-89DC-1CCB19C4C16E}
		{86C6ECA3-3701-49AB-9272-A9739590D060} = {A9361F99-D709-4491-89DC-1CCB19C4C16E}
		{5A2E36DD-6A83-4C14-8E36-7728A733833D} = {A9361F99-D709-4491-89DC-1CCB19C4C16E}
		{EABC2B6C-E1DA-4E8E-8A17-A5A6E135BFC9} = {5A2E36DD-6A83-4C14-8E36-7728A733833D}
		{34AD898B-C57F-4866-BA58-92EA2E190E4B} = {86C6ECA3-3701-49AB-9272-A9739590D060}
		{022F39E1-46BF-4957-B6F8-FE84FDCB3F5D} = {D2BE8617-107D-4C5B-86B2-E060953637BC}
		{6939FDAF-EC31-4BF8-AC12-7AD485EEF1B3} = {844E9893-8F2F-4E20-B61B-CBCA8957750B}
		{2CDC3FA1-5B13-4F91-A7B1-D27A110AC854} = {6939FDAF-EC31-4BF8-AC12-7AD485EEF1B3}
		{52ABF453-DB9B-423E-8E5A-9C51296D778D} = {6939FDAF-EC31-4BF8-AC12-7AD485EEF1B3}
		{94363D9C-087D-446C-AAB6-2A5646305DF1} = {6939FDAF-EC31-4BF8-AC12-7AD485EEF1B3}
		{51E663A4-2123-44A1-B27C-358D8BFB43C2} = {D2BE8617-107D-4C5B-86B2-E060953637BC}
	EndGlobalSection
	GlobalSection(ExtensibilityGlobals) = postSolution
		SolutionGuid = {16AB9687-5842-4F86-B746-5D70FAE23336}
	EndGlobalSection
EndGlobal
